
Microsoft Visual Studio Solution File, Format Version 12.00
# Visual Studio Version 17
VisualStudioVersion = 17.8.34316.72
MinimumVisualStudioVersion = 10.0.40219.1
Project("{FAE04EC0-301F-11D3-BF4B-00C04F79EFBC}") = "Boardgames", "Boardgames\Boardgames.csproj", "{069D9A26-D9B6-4C81-A4AD-C68DCE8FB2EA}"
EndProject
Global
	GlobalSection(SolutionConfigurationPlatforms) = preSolution
		Debug|Any CPU = Debug|Any CPU
		Release|Any CPU = Release|Any CPU
	EndGlobalSection
	GlobalSection(ProjectConfigurationPlatforms) = postSolution
		{069D9A26-D9B6-4C81-A4AD-C68DCE8FB2EA}.Debug|Any CPU.ActiveCfg = Debug|Any CPU
		{069D9A26-D9B6-4C81-A4AD-C68DCE8FB2EA}.Debug|Any CPU.Build.0 = Debug|Any CPU
		{069D9A26-D9B6-4C81-A4AD-C68DCE8FB2EA}.Release|Any CPU.ActiveCfg = Release|Any CPU
		{069D9A26-D9B6-4C81-A4AD-C68DCE8FB2EA}.Release|Any CPU.Build.0 = Release|Any CPU
	EndGlobalSection
	GlobalSection(SolutionProperties) = preSolution
		HideSolutionNode = FALSE
	EndGlobalSection
	GlobalSection(ExtensibilityGlobals) = postSolution
		SolutionGuid = {461D88C3-BA61-42EA-8D50-EF296A1B6A3E}
	EndGlobalSection
EndGlobal
